// !$*UTF8*$!
{
	archiveVersion = 1;
	classes = {
	};
	objectVersion = 46;
	objects = {

/* Begin PBXBuildFile section */
		9AA0B0F61C53D929009B244B /* AppDelegate.swift in Sources */ = {isa = PBXBuildFile; fileRef = 9AA0B0F51C53D929009B244B /* AppDelegate.swift */; };
		9AA0B0F81C53D929009B244B /* ViewController.swift in Sources */ = {isa = PBXBuildFile; fileRef = 9AA0B0F71C53D929009B244B /* ViewController.swift */; };
		9AA0B0FB1C53D929009B244B /* Main.storyboard in Resources */ = {isa = PBXBuildFile; fileRef = 9AA0B0F91C53D929009B244B /* Main.storyboard */; };
		9AA0B0FD1C53D929009B244B /* Assets.xcassets in Resources */ = {isa = PBXBuildFile; fileRef = 9AA0B0FC1C53D929009B244B /* Assets.xcassets */; };
		9AA0B1001C53D929009B244B /* LaunchScreen.storyboard in Resources */ = {isa = PBXBuildFile; fileRef = 9AA0B0FE1C53D929009B244B /* LaunchScreen.storyboard */; };
/* End PBXBuildFile section */

/* Begin PBXFileReference section */
		9AA0B0F21C53D929009B244B /* project2.app */ = {isa = PBXFileReference; explicitFileType = wrapper.application; includeInIndex = 0; path = project2.app; sourceTree = BUILT_PRODUCTS_DIR; };
		9AA0B0F51C53D929009B244B /* AppDelegate.swift */ = {isa = PBXFileReference; lastKnownFileType = sourcecode.swift; path = AppDelegate.swift; sourceTree = "<group>"; };
		9AA0B0F71C53D929009B244B /* ViewController.swift */ = {isa = PBXFileReference; lastKnownFileType = sourcecode.swift; path = ViewController.swift; sourceTree = "<group>"; };
		9AA0B0FA1C53D929009B244B /* Base */ = {isa = PBXFileReference; lastKnownFileType = file.storyboard; name = Base; path = Base.lproj/Main.storyboard; sourceTree = "<group>"; };
		9AA0B0FC1C53D929009B244B /* Assets.xcassets */ = {isa = PBXFileReference; lastKnownFileType = folder.assetcatalog; path = Assets.xcassets; sourceTree = "<group>"; };
		9AA0B0FF1C53D929009B244B /* Base */ = {isa = PBXFileReference; lastKnownFileType = file.storyboard; name = Base; path = Base.lproj/LaunchScreen.storyboard; sourceTree = "<group>"; };
		9AA0B1011C53D929009B244B /* Info.plist */ = {isa = PBXFileReference; lastKnownFileType = text.plist.xml; path = Info.plist; sourceTree = "<group>"; };
/* End PBXFileReference section */

/* Begin PBXFrameworksBuildPhase section */
		9AA0B0EF1C53D929009B244B /* Frameworks */ = {
			isa = PBXFrameworksBuildPhase;
			buildActionMask = 2147483647;
			files = (
			);
			runOnlyForDeploymentPostprocessing = 0;
		};
/* End PBXFrameworksBuildPhase section */

/* Begin PBXGroup section */
		9AA0B0E91C53D929009B244B = {
			isa = PBXGroup;
			children = (
				9AA0B0F41C53D929009B244B /* project2 */,
				9AA0B0F31C53D929009B244B /* Products */,
			);
			sourceTree = "<group>";
		};
		9AA0B0F31C53D929009B244B /* Products */ = {
			isa = PBXGroup;
			children = (
				9AA0B0F21C53D929009B244B /* project2.app */,
			);
			name = Products;
			sourceTree = "<group>";
		};
		9AA0B0F41C53D929009B244B /* project2 */ = {
			isa = PBXGroup;
			children = (
				9AA0B0F51C53D929009B244B /* AppDelegate.swift */,
				9AA0B0F71C53D929009B244B /* ViewController.swift */,
				9AA0B0F91C53D929009B244B /* Main.storyboard */,
				9AA0B0FC1C53D929009B244B /* Assets.xcassets */,
				9AA0B0FE1C53D929009B244B /* LaunchScreen.storyboard */,
				9AA0B1011C53D929009B244B /* Info.plist */,
			);
			path = project2;
			sourceTree = "<group>";
		};
/* End PBXGroup section */

/* Begin PBXNativeTarget section */
		9AA0B0F11C53D929009B244B /* project2 */ = {
			isa = PBXNativeTarget;
			buildConfigurationList = 9AA0B1041C53D929009B244B /* Build configuration list for PBXNativeTarget "project2" */;
			buildPhases = (
				9AA0B0EE1C53D929009B244B /* Sources */,
				9AA0B0EF1C53D929009B244B /* Frameworks */,
				9AA0B0F01C53D929009B244B /* Resources */,
			);
			buildRules = (
			);
			dependencies = (
			);
			name = project2;
			productName = project2;
			productReference = 9AA0B0F21C53D929009B244B /* project2.app */;
			productType = "com.apple.product-type.application";
		};
/* End PBXNativeTarget section */

/* Begin PBXProject section */
		9AA0B0EA1C53D929009B244B /* Project object */ = {
			isa = PBXProject;
			attributes = {
				LastSwiftUpdateCheck = 0720;
				LastUpgradeCheck = 0720;
				ORGANIZATIONNAME = "Raphael Sacle";
				TargetAttributes = {
					9AA0B0F11C53D929009B244B = {
						CreatedOnToolsVersion = 7.2;
						DevelopmentTeam = VFPD723797;
					};
				};
			};
			buildConfigurationList = 9AA0B0ED1C53D929009B244B /* Build configuration list for PBXProject "project2" */;
			compatibilityVersion = "Xcode 3.2";
			developmentRegion = English;
			hasScannedForEncodings = 0;
			knownRegions = (
				en,
				Base,
			);
			mainGroup = 9AA0B0E91C53D929009B244B;
			productRefGroup = 9AA0B0F31C53D929009B244B /* Products */;
			projectDirPath = "";
			projectRoot = "";
			targets = (
				9AA0B0F11C53D929009B244B /* project2 */,
			);
		};
/* End PBXProject section */

/* Begin PBXResourcesBuildPhase section */
		9AA0B0F01C53D929009B244B /* Resources */ = {
			isa = PBXResourcesBuildPhase;
			buildActionMask = 2147483647;
			files = (
				9AA0B1001C53D929009B244B /* LaunchScreen.storyboard in Resources */,
				9AA0B0FD1C53D929009B244B /* Assets.xcassets in Resources */,
				9AA0B0FB1C53D929009B244B /* Main.storyboard in Resources */,
			);
			runOnlyForDeploymentPostprocessing = 0;
		};
/* End PBXResourcesBuildPhase section */

/* Begin PBXSourcesBuildPhase section */
		9AA0B0EE1C53D929009B244B /* Sources */ = {
			isa = PBXSourcesBuildPhase;
			buildActionMask = 2147483647;
			files = (
				9AA0B0F81C53D929009B244B /* ViewController.swift in Sources */,
				9AA0B0F61C53D929009B244B /* AppDelegate.swift in Sources */,
			);
			runOnlyForDeploymentPostprocessing = 0;
		};
/* End PBXSourcesBuildPhase section */

/* Begin PBXVariantGroup section */
		9AA0B0F91C53D929009B244B /* Main.storyboard */ = {
			isa = PBXVariantGroup;
			children = (
				9AA0B0FA1C53D929009B244B /* Base */,
			);
			name = Main.storyboard;
			sourceTree = "<group>";
		};
		9AA0B0FE1C53D929009B244B /* LaunchScreen.storyboard */ = {
			isa = PBXVariantGroup;
			children = (
				9AA0B0FF1C53D929009B244B /* Base */,
			);
			name = LaunchScreen.storyboard;
			sourceTree = "<group>";
		};
/* End PBXVariantGroup section */

/* Begin XCBuildConfiguration section */
		9AA0B1021C53D929009B244B /* Debug */ = {
			isa = XCBuildConfiguration;
			buildSettings = {
				ALWAYS_SEARCH_USER_PATHS = NO;
				CLANG_CXX_LANGUAGE_STANDARD = "gnu++0x";
				CLANG_CXX_LIBRARY = "libc++";
				CLANG_ENABLE_MODULES = YES;
				CLANG_ENABLE_OBJC_ARC = YES;
				CLANG_WARN_BOOL_CONVERSION = YES;
				CLANG_WARN_CONSTANT_CONVERSION = YES;
				CLANG_WARN_DIRECT_OBJC_ISA_USAGE = YES_ERROR;
				CLANG_WARN_EMPTY_BODY = YES;
				CLANG_WARN_ENUM_CONVERSION = YES;
				CLANG_WARN_INT_CONVERSION = YES;
				CLANG_WARN_OBJC_ROOT_CLASS = YES_ERROR;
				CLANG_WARN_UNREACHABLE_CODE = YES;
				CLANG_WARN__DUPLICATE_METHOD_MATCH = YES;
				"CODE_SIGN_IDENTITY[sdk=iphoneos*]" = "iPhone Developer";
				COPY_PHASE_STRIP = NO;
				DEBUG_INFORMATION_FORMAT = dwarf;
				ENABLE_STRICT_OBJC_MSGSEND = YES;
				ENABLE_TESTABILITY = YES;
				GCC_C_LANGUAGE_STANDARD = gnu99;
				GCC_DYNAMIC_NO_PIC = NO;
				GCC_NO_COMMON_BLOCKS = YES;
				GCC_OPTIMIZATION_LEVEL = 0;
				GCC_PREPROCESSOR_DEFINITIONS = (
					"DEBUG=1",
					"$(inherited)",
				);
				GCC_WARN_64_TO_32_BIT_CONVERSION = YES;
				GCC_WARN_ABOUT_RETURN_TYPE = YES_ERROR;
				GCC_WARN_UNDECLARED_SELECTOR = YES;
				GCC_WARN_UNINITIALIZED_AUTOS = YES_AGGRESSIVE;
				GCC_WARN_UNUSED_FUNCTION = YES;
				GCC_WARN_UNUSED_VARIABLE = YES;
				IPHONEOS_DEPLOYMENT_TARGET = 9.2;
				MTL_ENABLE_DEBUG_INFO = YES;
				ONLY_ACTIVE_ARCH = YES;
				SDKROOT = iphoneos;
				SWIFT_OPTIMIZATION_LEVEL = "-Onone";
			};
			name = Debug;
		};
		9AA0B1031C53D929009B244B /* Release */ = {
			isa = XCBuildConfiguration;
			buildSettings = {
				ALWAYS_SEARCH_USER_PATHS = NO;
				CLANG_CXX_LANGUAGE_STANDARD = "gnu++0x";
				CLANG_CXX_LIBRARY = "libc++";
				CLANG_ENABLE_MODULES = YES;
				CLANG_ENABLE_OBJC_ARC = YES;
				CLANG_WARN_BOOL_CONVERSION = YES;
				CLANG_WARN_CONSTANT_CONVERSION = YES;
				CLANG_WARN_DIRECT_OBJC_ISA_USAGE = YES_ERROR;
				CLANG_WARN_EMPTY_BODY = YES;
				CLANG_WARN_ENUM_CONVERSION = YES;
				CLANG_WARN_INT_CONVERSION = YES;
				CLANG_WARN_OBJC_ROOT_CLASS = YES_ERROR;
				CLANG_WARN_UNREACHABLE_CODE = YES;
				CLANG_WARN__DUPLICATE_METHOD_MATCH = YES;
				"CODE_SIGN_IDENTITY[sdk=iphoneos*]" = "iPhone Developer";
				COPY_PHASE_STRIP = NO;
				DEBUG_INFORMATION_FORMAT = "dwarf-with-dsym";
				ENABLE_NS_ASSERTIONS = NO;
				ENABLE_STRICT_OBJC_MSGSEND = YES;
				GCC_C_LANGUAGE_STANDARD = gnu99;
				GCC_NO_COMMON_BLOCKS = YES;
				GCC_WARN_64_TO_32_BIT_CONVERSION = YES;
				GCC_WARN_ABOUT_RETURN_TYPE = YES_ERROR;
				GCC_WARN_UNDECLARED_SELECTOR = YES;
				GCC_WARN_UNINITIALIZED_AUTOS = YES_AGGRESSIVE;
				GCC_WARN_UNUSED_FUNCTION = YES;
				GCC_WARN_UNUSED_VARIABLE = YES;
				IPHONEOS_DEPLOYMENT_TARGET = 9.2;
				MTL_ENABLE_DEBUG_INFO = NO;
				SDKROOT = iphoneos;
				VALIDATE_PRODUCT = YES;
			};
			name = Release;
		};
		9AA0B1051C53D929009B244B /* Debug */ = {
			isa = XCBuildConfiguration;
			buildSettings = {
				ASSETCATALOG_COMPILER_APPICON_NAME = AppIcon;
				INFOPLIST_FILE = project2/Info.plist;
				LD_RUNPATH_SEARCH_PATHS = "$(inherited) @executable_path/Frameworks";
				PRODUCT_BUNDLE_IDENTIFIER = com.hackingwithswift.project2;
				PRODUCT_NAME = "$(TARGET_NAME)";
			};
			name = Debug;
		};
		9AA0B1061C53D929009B244B /* Release */ = {
			isa = XCBuildConfiguration;
			buildSettings = {
				ASSETCATALOG_COMPILER_APPICON_NAME = AppIcon;
				INFOPLIST_FILE = project2/Info.plist;
				LD_RUNPATH_SEARCH_PATHS = "$(inherited) @executable_path/Frameworks";
				PRODUCT_BUNDLE_IDENTIFIER = com.hackingwithswift.project2;
				PRODUCT_NAME = "$(TARGET_NAME)";
			};
			name = Release;
		};
/* End XCBuildConfiguration section */

/* Begin XCConfigurationList section */
		9AA0B0ED1C53D929009B244B /* Build configuration list for PBXProject "project2" */ = {
			isa = XCConfigurationList;
			buildConfigurations = (
				9AA0B1021C53D929009B244B /* Debug */,
				9AA0B1031C53D929009B244B /* Release */,
			);
			defaultConfigurationIsVisible = 0;
			defaultConfigurationName = Release;
		};
		9AA0B1041C53D929009B244B /* Build configuration list for PBXNativeTarget "project2" */ = {
			isa = XCConfigurationList;
			buildConfigurations = (
				9AA0B1051C53D929009B244B /* Debug */,
				9AA0B1061C53D929009B244B /* Release */,
			);
			defaultConfigurationIsVisible = 0;
		};
/* End XCConfigurationList section */
	};
	rootObject = 9AA0B0EA1C53D929009B244B /* Project object */;
}
